PODS:
  - KeychainSwift (24.0.0)
  - LMStorage (1.0.8):
    - KeychainSwift

DEPENDENCIES:
  - LMStorage (from `../../`)

SPEC REPOS:
  trunk:
    - KeychainSwift

EXTERNAL SOURCES:
  LMStorage:
    :path: "../../"

SPEC CHECKSUMS:
  KeychainSwift: 007c4647486e4563adca839cf02cef00deb3b670
  LMStorage: db20ad651c89cff5f0cda9ed29a8c3c7235fa829

PODFILE CHECKSUM: 208c4e2d0bc43c26e11d7fc08d1151f5fc532b17

COCOAPODS: 1.10.2
