PODS:
  - KeychainSwift (19.0.0)
  - LMStorage (1.0.5):
    - KeychainSwift

DEPENDENCIES:
  - LMStorage (from `../../`)

SPEC REPOS:
  trunk:
    - KeychainSwift

EXTERNAL SOURCES:
  LMStorage:
    :path: "../../"

SPEC CHECKSUMS:
  KeychainSwift: a06190cf933ad46b1e0abc3d77d29c06331715c7
  LMStorage: 6b119a6613714d6864a9e7c55656e4bd0e6f69e2

PODFILE CHECKSUM: 208c4e2d0bc43c26e11d7fc08d1151f5fc532b17

COCOAPODS: 1.10.1
