PODS:
  - KeychainSwift (20.0.0)
  - LMStorage (1.0.8):
    - KeychainSwift

DEPENDENCIES:
  - LMStorage (from `../../`)

SPEC REPOS:
  trunk:
    - KeychainSwift

EXTERNAL SOURCES:
  LMStorage:
    :path: "../../"

SPEC CHECKSUMS:
  KeychainSwift: 0ce6a4d13f7228054d1a71bb1b500448fb2ab837
  LMStorage: 5fe77fd7a27a7d56f10b32e2191b91aadaecc67c

PODFILE CHECKSUM: 208c4e2d0bc43c26e11d7fc08d1151f5fc532b17

COCOAPODS: 1.10.2
